// !$*UTF8*$!
{
	archiveVersion = 1;
	classes = {
	};
	objectVersion = 54;
	objects = {

/* Begin PBXBuildFile section */
		"1A59C507-247A-4B41-BB52-57D7EF97C3DB" /* ofxColorPicker.cpp in Sources */ = {isa = PBXBuildFile; fileRef = "29D473A3-4D26-4007-854F-C2B5426C8D25" /* ofxColorPicker.cpp */; };
		"2E5F3040-7EF1-4274-9C46-569B608764A1" /* ofxSliderGroup.cpp in Sources */ = {isa = PBXBuildFile; fileRef = "B8AB15EC-41DA-4AB6-A7A7-73AB1D384345" /* ofxSliderGroup.cpp */; };
		"3305797A-F8CE-41FE-8324-B710F9E0DCBA" /* ofxVisionDetection.mm in Sources */ = {isa = PBXBuildFile; fileRef = "BF625248-0F8C-48FC-8845-F3F7BC06DB8C" /* ofxVisionDetection.mm */; };
		"3A3EB0BE-FE22-450D-994B-A245FCAFB539" /* ofxVisionResults.cpp in Sources */ = {isa = PBXBuildFile; fileRef = "406E1160-BE27-4593-A4CA-85CB86D48BB6" /* ofxVisionResults.cpp */; };
		"3D603850-68B1-4FDA-9470-18D36DAAFB2B" /* ofxLabel.cpp in Sources */ = {isa = PBXBuildFile; fileRef = "FC2FCE12-615D-4F9D-9CCE-5C5A1C29ED29" /* ofxLabel.cpp */; };
		"458B00C2-EC8B-463A-BE6E-64F73164E6C3" /* ofxInputField.cpp in Sources */ = {isa = PBXBuildFile; fileRef = "9E6129DA-42E0-438A-A557-7E029D85F350" /* ofxInputField.cpp */; };
		"5A45E277-DF36-4F9E-96B0-2B8F78EC1A44" /* ofxButton.cpp in Sources */ = {isa = PBXBuildFile; fileRef = "F615ECB2-A159-4EA8-A38A-F812F7F9E9A0" /* ofxButton.cpp */; };
		"5FBB18E1-921E-4BA0-AE5A-EB87EA4A031C" /* Segmentation.m in Sources */ = {isa = PBXBuildFile; fileRef = "06AC57A6-B836-49C8-B7EE-3E726460E154" /* Segmentation.m */; };
		"6E1E3362-8056-4FD8-8549-02CCDEA80024" /* ofxVisionHelpers.mm in Sources */ = {isa = PBXBuildFile; fileRef = "98AB80E3-54F0-4818-B77E-42FBA1EFD68A" /* ofxVisionHelpers.mm */; };
		"73CD1155-E4F4-4C64-BCB7-558EE6F235F6" /* ofxGuiGroup.cpp in Sources */ = {isa = PBXBuildFile; fileRef = "94496483-806E-49FD-B30F-9F05CB0D4914" /* ofxGuiGroup.cpp */; };
		"75CB5C11-D0FF-4880-A50D-C4C0F925360B" /* ofxBaseGui.cpp in Sources */ = {isa = PBXBuildFile; fileRef = "09C70E2B-1CAC-4EE5-AC43-54BA6A9964B5" /* ofxBaseGui.cpp */; };
		"84FA50D4-8F6A-4467-9B0E-95CFB2651BCB" /* ofxVisionProcessor.mm in Sources */ = {isa = PBXBuildFile; fileRef = "EB25F349-767B-49FC-8561-E8A9C4756EFB" /* ofxVisionProcessor.mm */; };
		"B1A2646E-6EB9-43AB-9120-B096B7314B72" /* CoreML.framework in Frameworks */ = {isa = PBXBuildFile; fileRef = "080F50D7-DAD9-4BF0-A972-4D0C3483EC5E" /* CoreML.framework */; };
		"B42824C7-77B3-4FC6-8B4A-D5B14202E9B8" /* ObjectRecognition.m in Sources */ = {isa = PBXBuildFile; fileRef = "295E0CD5-2A02-4F78-B06E-E5FF2F672D6D" /* ObjectRecognition.m */; };
		"B6D820E3-CB75-44C7-B627-66B1526872E9" /* Foundation.framework in Frameworks */ = {isa = PBXBuildFile; fileRef = "266C2256-6305-4E31-BC35-A74DF945270E" /* Foundation.framework */; };
		"BA2A73FA-ADD8-4A77-AAC2-A8738490A74C" /* ofxPanel.cpp in Sources */ = {isa = PBXBuildFile; fileRef = "8A29A6E7-DBB4-4C6A-976F-35D5952F354B" /* ofxPanel.cpp */; };
		"C025D768-CC52-4A69-8B75-B1F41CAD850B" /* ofxToggle.cpp in Sources */ = {isa = PBXBuildFile; fileRef = "5C3BD576-800B-4CCF-9CB2-78E6FAD1E9EA" /* ofxToggle.cpp */; };
		"D186F6F2-A672-490E-B1EE-793285C01F0A" /* Vision.framework in Frameworks */ = {isa = PBXBuildFile; fileRef = "144CDE85-04DF-4A1F-B5C9-9A806568DCE0" /* Vision.framework */; };
		"D23A5AAA-58D3-4531-944C-4DF37EDBFB28" /* AVKit.framework in Frameworks */ = {isa = PBXBuildFile; fileRef = "81A6F50D-0DF4-4521-91CC-5584B5F2C3AC" /* AVKit.framework */; };
		"D55CF804-B724-47D4-BBAD-06995F4F0F48" /* AVFoundation.framework in Frameworks */ = {isa = PBXBuildFile; fileRef = "E98986AE-416E-4156-A07E-1BFEF8D0BFA1" /* AVFoundation.framework */; };
		E4B69E200A3A1BDC003C02F2 /* main.cpp in Sources */ = {isa = PBXBuildFile; fileRef = E4B69E1D0A3A1BDC003C02F2 /* main.cpp */; };
		E4B69E210A3A1BDC003C02F2 /* ofApp.cpp in Sources */ = {isa = PBXBuildFile; fileRef = E4B69E1E0A3A1BDC003C02F2 /* ofApp.cpp */; };
		"E55940D6-9D94-4F9B-B146-AF4D7507665F" /* Detection.m in Sources */ = {isa = PBXBuildFile; fileRef = "75AD7FD5-5226-43BF-AA82-4071C12E27B9" /* Detection.m */; };
		"FF9C2ADC-6EA7-41C1-8032-BF0B08402F22" /* ofxSlider.cpp in Sources */ = {isa = PBXBuildFile; fileRef = "F801F34D-5D03-47AE-81EF-DA4E52AF25CB" /* ofxSlider.cpp */; };
/* End PBXBuildFile section */

/* Begin PBXCopyFilesBuildPhase section */
		E4A5B60F29BAAAE400C2D356 /* CopyFiles */ = {
			isa = PBXCopyFilesBuildPhase;
			buildActionMask = 2147483647;
			dstPath = "";
			dstSubfolderSpec = 6;
			files = (
			);
			runOnlyForDeploymentPostprocessing = 0;
		};
		E4C2427710CC5ABF004149E2 /* CopyFiles */ = {
			isa = PBXCopyFilesBuildPhase;
			buildActionMask = 2147483647;
			dstPath = "";
			dstSubfolderSpec = 10;
			files = (
			);
			runOnlyForDeploymentPostprocessing = 0;
		};
/* End PBXCopyFilesBuildPhase section */

/* Begin PBXFileReference section */
		"06AC57A6-B836-49C8-B7EE-3E726460E154" /* Segmentation.m */ = {isa = PBXFileReference; fileEncoding = 4; lastKnownFileType = sourcecode.cpp.objcpp; path = Segmentation.m; sourceTree = "<group>"; };
		"080F50D7-DAD9-4BF0-A972-4D0C3483EC5E" /* CoreML.framework */ = {isa = PBXFileReference; fileEncoding = 4; lastKnownFileType = wrapper.framework; name = CoreML.framework; path = /System/Library/Frameworks/CoreML.framework; sourceTree = SOURCE_ROOT; };
		"09C70E2B-1CAC-4EE5-AC43-54BA6A9964B5" /* ofxBaseGui.cpp */ = {isa = PBXFileReference; fileEncoding = 4; lastKnownFileType = sourcecode.cpp.cpp; path = ofxBaseGui.cpp; sourceTree = "<group>"; };
		"0ACAC204-B32E-466E-9921-11815E25A323" /* ofxButton.h */ = {isa = PBXFileReference; fileEncoding = 4; lastKnownFileType = sourcecode.cpp.h; path = ofxButton.h; sourceTree = "<group>"; };
		"0FB80339-51FC-448B-A7CE-253FAA313D7C" /* ofxInputField.h */ = {isa = PBXFileReference; fileEncoding = 4; lastKnownFileType = sourcecode.cpp.h; path = ofxInputField.h; sourceTree = "<group>"; };
		"144CDE85-04DF-4A1F-B5C9-9A806568DCE0" /* Vision.framework */ = {isa = PBXFileReference; fileEncoding = 4; lastKnownFileType = wrapper.framework; name = Vision.framework; path = /System/Library/Frameworks/Vision.framework; sourceTree = SOURCE_ROOT; };
		191CD6FA2847E21E0085CBB6 /* of.entitlements */ = {isa = PBXFileReference; fileEncoding = 4; lastKnownFileType = text.plist.entitlements; path = of.entitlements; sourceTree = "<group>"; };
		191EF70929D778A400F35F26 /* openFrameworks */ = {isa = PBXFileReference; lastKnownFileType = folder; name = openFrameworks; path = ../../../libs/openFrameworks; sourceTree = SOURCE_ROOT; };
		"1F5A997F-1147-460E-A2BC-2DAA4597F7AA" /* ofxVisionProcessor.h */ = {isa = PBXFileReference; fileEncoding = 4; lastKnownFileType = sourcecode.cpp.h; path = ofxVisionProcessor.h; sourceTree = "<group>"; };
		"1FBE0C05-CDE0-4CAB-A921-A13ED4FF7799" /* ofxVisionResults.h */ = {isa = PBXFileReference; fileEncoding = 4; lastKnownFileType = sourcecode.cpp.h; path = ofxVisionResults.h; sourceTree = "<group>"; };
		"266C2256-6305-4E31-BC35-A74DF945270E" /* Foundation.framework */ = {isa = PBXFileReference; fileEncoding = 4; lastKnownFileType = wrapper.framework; name = Foundation.framework; path = /System/Library/Frameworks/Foundation.framework; sourceTree = SOURCE_ROOT; };
		"295E0CD5-2A02-4F78-B06E-E5FF2F672D6D" /* ObjectRecognition.m */ = {isa = PBXFileReference; fileEncoding = 4; lastKnownFileType = sourcecode.cpp.objcpp; path = ObjectRecognition.m; sourceTree = "<group>"; };
		"29D473A3-4D26-4007-854F-C2B5426C8D25" /* ofxColorPicker.cpp */ = {isa = PBXFileReference; fileEncoding = 4; lastKnownFileType = sourcecode.cpp.cpp; path = ofxColorPicker.cpp; sourceTree = "<group>"; };
		"32D26629-E87E-416F-B515-D0FF6EA0EB25" /* ObjectRecognition.h */ = {isa = PBXFileReference; fileEncoding = 4; lastKnownFileType = sourcecode.cpp.h; path = ObjectRecognition.h; sourceTree = "<group>"; };
		"3C43F7E9-20ED-4420-A5A4-BB197D2A5493" /* ofxVisionDetection.h */ = {isa = PBXFileReference; fileEncoding = 4; lastKnownFileType = sourcecode.cpp.h; path = ofxVisionDetection.h; sourceTree = "<group>"; };
		"406E1160-BE27-4593-A4CA-85CB86D48BB6" /* ofxVisionResults.cpp */ = {isa = PBXFileReference; fileEncoding = 4; lastKnownFileType = sourcecode.cpp.cpp; path = ofxVisionResults.cpp; sourceTree = "<group>"; };
		"417565D4-95EB-4722-AC39-8286A47D1860" /* ofxSlider.h */ = {isa = PBXFileReference; fileEncoding = 4; lastKnownFileType = sourcecode.cpp.h; path = ofxSlider.h; sourceTree = "<group>"; };
		"50C46E75-2EC7-4268-848B-5944B2A01836" /* ofxVisionConstants.h */ = {isa = PBXFileReference; fileEncoding = 4; lastKnownFileType = sourcecode.cpp.h; path = ofxVisionConstants.h; sourceTree = "<group>"; };
		"5C3BD576-800B-4CCF-9CB2-78E6FAD1E9EA" /* ofxToggle.cpp */ = {isa = PBXFileReference; fileEncoding = 4; lastKnownFileType = sourcecode.cpp.cpp; path = ofxToggle.cpp; sourceTree = "<group>"; };
		"5D897954-92D0-477E-8E5E-11C8278C0D37" /* Segmentation.h */ = {isa = PBXFileReference; fileEncoding = 4; lastKnownFileType = sourcecode.cpp.h; path = Segmentation.h; sourceTree = "<group>"; };
		"692A6FF7-DD55-4AA8-88C8-220F16E6F33A" /* ofxLabel.h */ = {isa = PBXFileReference; fileEncoding = 4; lastKnownFileType = sourcecode.cpp.h; path = ofxLabel.h; sourceTree = "<group>"; };
		"6D07CC0D-675A-46B7-A886-E0480C0844AE" /* ofxSliderGroup.h */ = {isa = PBXFileReference; fileEncoding = 4; lastKnownFileType = sourcecode.cpp.h; path = ofxSliderGroup.h; sourceTree = "<group>"; };
		"75AD7FD5-5226-43BF-AA82-4071C12E27B9" /* Detection.m */ = {isa = PBXFileReference; fileEncoding = 4; lastKnownFileType = sourcecode.cpp.objcpp; path = Detection.m; sourceTree = "<group>"; };
		"7B4CD10D-9EC4-4426-AEB4-68EE15C74670" /* ofxGuiGroup.h */ = {isa = PBXFileReference; fileEncoding = 4; lastKnownFileType = sourcecode.cpp.h; path = ofxGuiGroup.h; sourceTree = "<group>"; };
		"7BE5FBC4-5E15-49E2-AE73-DB13D043654D" /* data */ = {isa = PBXFileReference; fileEncoding = 4; lastKnownFileType = folder; name = data; path = bin/data; sourceTree = SOURCE_ROOT; };
		"7CF90649-C960-4E38-A2C2-3CBBCABCD330" /* ofxGui.h */ = {isa = PBXFileReference; fileEncoding = 4; lastKnownFileType = sourcecode.cpp.h; path = ofxGui.h; sourceTree = "<group>"; };
		"7DDC8E7C-6CEC-4ACA-82CF-B2196814D301" /* ofxPanel.h */ = {isa = PBXFileReference; fileEncoding = 4; lastKnownFileType = sourcecode.cpp.h; path = ofxPanel.h; sourceTree = "<group>"; };
		"81A6F50D-0DF4-4521-91CC-5584B5F2C3AC" /* AVKit.framework */ = {isa = PBXFileReference; fileEncoding = 4; lastKnownFileType = wrapper.framework; name = AVKit.framework; path = /System/Library/Frameworks/AVKit.framework; sourceTree = SOURCE_ROOT; };
		"8A29A6E7-DBB4-4C6A-976F-35D5952F354B" /* ofxPanel.cpp */ = {isa = PBXFileReference; fileEncoding = 4; lastKnownFileType = sourcecode.cpp.cpp; path = ofxPanel.cpp; sourceTree = "<group>"; };
		"8ADAC925-A84E-4478-B2D1-8734F07BBFB3" /* ofxBaseGui.h */ = {isa = PBXFileReference; fileEncoding = 4; lastKnownFileType = sourcecode.cpp.h; path = ofxBaseGui.h; sourceTree = "<group>"; };
		"8BB26671-A8DC-48C8-A7EE-2946CCF62D32" /* ofxGuiUtils.h */ = {isa = PBXFileReference; fileEncoding = 4; lastKnownFileType = sourcecode.cpp.h; path = ofxGuiUtils.h; sourceTree = "<group>"; };
		"94496483-806E-49FD-B30F-9F05CB0D4914" /* ofxGuiGroup.cpp */ = {isa = PBXFileReference; fileEncoding = 4; lastKnownFileType = sourcecode.cpp.cpp; path = ofxGuiGroup.cpp; sourceTree = "<group>"; };
		"98AB80E3-54F0-4818-B77E-42FBA1EFD68A" /* ofxVisionHelpers.mm */ = {isa = PBXFileReference; fileEncoding = 4; lastKnownFileType = sourcecode.cpp.objcpp; path = ofxVisionHelpers.mm; sourceTree = "<group>"; };
		"9E6129DA-42E0-438A-A557-7E029D85F350" /* ofxInputField.cpp */ = {isa = PBXFileReference; fileEncoding = 4; lastKnownFileType = sourcecode.cpp.cpp; path = ofxInputField.cpp; sourceTree = "<group>"; };
		B09D8BD42CE3EDC100121AA7 /* hand_or_no_hand_1.mlmodel */ = {isa = PBXFileReference; lastKnownFileType = file.mlmodel; name = hand_or_no_hand_1.mlmodel; path = ../../../../Downloads/hand_or_no_hand_1.mlmodel; sourceTree = "<group>"; };
		B09D8BD52CE3EDC600121AA7 /* MarsHabitatPricer.mlmodel */ = {isa = PBXFileReference; lastKnownFileType = file.mlmodel; name = MarsHabitatPricer.mlmodel; path = ../../../../Downloads/IntegratingACoreMLModelIntoYourApp/MarsHabitatPricePredictor/Resources/MarsHabitatPricer.mlmodel; sourceTree = "<group>"; };
		B09D8BD62CE3EDCC00121AA7 /* YOLOv3.mlmodel */ = {isa = PBXFileReference; lastKnownFileType = file.mlmodel; name = YOLOv3.mlmodel; path = ../../../../Downloads/YOLOv3.mlmodel; sourceTree = "<group>"; };
		B09D8BD72CE3EF2F00121AA7 /* yolo11n.mlpackage */ = {isa = PBXFileReference; lastKnownFileType = folder.mlpackage; name = yolo11n.mlpackage; path = ../../../../Downloads/yolo11n.mlpackage; sourceTree = "<group>"; };
		"B8AB15EC-41DA-4AB6-A7A7-73AB1D384345" /* ofxSliderGroup.cpp */ = {isa = PBXFileReference; fileEncoding = 4; lastKnownFileType = sourcecode.cpp.cpp; path = ofxSliderGroup.cpp; sourceTree = "<group>"; };
		"B8F83E2E-34AE-442A-9419-9C6653CAE712" /* ofxToggle.h */ = {isa = PBXFileReference; fileEncoding = 4; lastKnownFileType = sourcecode.cpp.h; path = ofxToggle.h; sourceTree = "<group>"; };
		"BF625248-0F8C-48FC-8845-F3F7BC06DB8C" /* ofxVisionDetection.mm */ = {isa = PBXFileReference; fileEncoding = 4; lastKnownFileType = sourcecode.cpp.objcpp; path = ofxVisionDetection.mm; sourceTree = "<group>"; };
		"D217C9BE-9A23-4A06-9ED9-F0E6F96F9ED9" /* Detection.h */ = {isa = PBXFileReference; fileEncoding = 4; lastKnownFileType = sourcecode.cpp.h; path = Detection.h; sourceTree = "<group>"; };
		"E335E581-0A3C-48AF-8C2F-218892E2B9BF" /* ofxColorPicker.h */ = {isa = PBXFileReference; fileEncoding = 4; lastKnownFileType = sourcecode.cpp.h; path = ofxColorPicker.h; sourceTree = "<group>"; };
		E4B69B5B0A3A1756003C02F2 /* example-CustomModelObjectDetectionDebug.app */ = {isa = PBXFileReference; explicitFileType = wrapper.application; includeInIndex = 0; path = "example-CustomModelObjectDetectionDebug.app"; sourceTree = BUILT_PRODUCTS_DIR; };
		E4B69E1D0A3A1BDC003C02F2 /* main.cpp */ = {isa = PBXFileReference; fileEncoding = 4; lastKnownFileType = sourcecode.cpp.cpp; name = main.cpp; path = src/main.cpp; sourceTree = SOURCE_ROOT; };
		E4B69E1E0A3A1BDC003C02F2 /* ofApp.cpp */ = {isa = PBXFileReference; explicitFileType = sourcecode.cpp.cpp; fileEncoding = 4; name = ofApp.cpp; path = src/ofApp.cpp; sourceTree = SOURCE_ROOT; };
		E4B69E1F0A3A1BDC003C02F2 /* ofApp.h */ = {isa = PBXFileReference; fileEncoding = 4; lastKnownFileType = sourcecode.c.h; name = ofApp.h; path = src/ofApp.h; sourceTree = SOURCE_ROOT; };
		E4B6FCAD0C3E899E008CF71C /* openFrameworks-Info.plist */ = {isa = PBXFileReference; fileEncoding = 4; lastKnownFileType = text.plist.xml; path = "openFrameworks-Info.plist"; sourceTree = "<group>"; };
		E4EB6923138AFD0F00A09F29 /* Project.xcconfig */ = {isa = PBXFileReference; fileEncoding = 4; lastKnownFileType = text.xcconfig; path = Project.xcconfig; sourceTree = "<group>"; };
		"E98986AE-416E-4156-A07E-1BFEF8D0BFA1" /* AVFoundation.framework */ = {isa = PBXFileReference; fileEncoding = 4; lastKnownFileType = wrapper.framework; name = AVFoundation.framework; path = /System/Library/Frameworks/AVFoundation.framework; sourceTree = SOURCE_ROOT; };
		"EB25F349-767B-49FC-8561-E8A9C4756EFB" /* ofxVisionProcessor.mm */ = {isa = PBXFileReference; fileEncoding = 4; lastKnownFileType = sourcecode.cpp.objcpp; path = ofxVisionProcessor.mm; sourceTree = "<group>"; };
		"F615ECB2-A159-4EA8-A38A-F812F7F9E9A0" /* ofxButton.cpp */ = {isa = PBXFileReference; fileEncoding = 4; lastKnownFileType = sourcecode.cpp.cpp; path = ofxButton.cpp; sourceTree = "<group>"; };
		"F801F34D-5D03-47AE-81EF-DA4E52AF25CB" /* ofxSlider.cpp */ = {isa = PBXFileReference; fileEncoding = 4; lastKnownFileType = sourcecode.cpp.cpp; path = ofxSlider.cpp; sourceTree = "<group>"; };
		"FC2FCE12-615D-4F9D-9CCE-5C5A1C29ED29" /* ofxLabel.cpp */ = {isa = PBXFileReference; fileEncoding = 4; lastKnownFileType = sourcecode.cpp.cpp; path = ofxLabel.cpp; sourceTree = "<group>"; };
		"FF86AA3B-0403-4987-80DB-3ACE61851146" /* ofxVisionHelpers.h */ = {isa = PBXFileReference; fileEncoding = 4; lastKnownFileType = sourcecode.cpp.h; path = ofxVisionHelpers.h; sourceTree = "<group>"; };
/* End PBXFileReference section */

/* Begin PBXFrameworksBuildPhase section */
		E4B69B590A3A1756003C02F2 /* Frameworks */ = {
			isa = PBXFrameworksBuildPhase;
			buildActionMask = 2147483647;
			files = (
				"D55CF804-B724-47D4-BBAD-06995F4F0F48" /* AVFoundation.framework in Frameworks */,
				"D23A5AAA-58D3-4531-944C-4DF37EDBFB28" /* AVKit.framework in Frameworks */,
				"B1A2646E-6EB9-43AB-9120-B096B7314B72" /* CoreML.framework in Frameworks */,
				"B6D820E3-CB75-44C7-B627-66B1526872E9" /* Foundation.framework in Frameworks */,
				"D186F6F2-A672-490E-B1EE-793285C01F0A" /* Vision.framework in Frameworks */,
			);
			runOnlyForDeploymentPostprocessing = 0;
		};
/* End PBXFrameworksBuildPhase section */

/* Begin PBXGroup section */
		"02D8BCC5-BF6D-4162-81B1-321FF345D4F5" /* .. */ = {
			isa = PBXGroup;
			children = (
				"5559216C-133B-4BD0-B75E-260281C4C32A" /* frameworks */,
			);
			path = ..;
			sourceTree = "<group>";
		};
		"5559216C-133B-4BD0-B75E-260281C4C32A" /* frameworks */ = {
			isa = PBXGroup;
			children = (
				"E98986AE-416E-4156-A07E-1BFEF8D0BFA1" /* AVFoundation.framework */,
				"81A6F50D-0DF4-4521-91CC-5584B5F2C3AC" /* AVKit.framework */,
				"080F50D7-DAD9-4BF0-A972-4D0C3483EC5E" /* CoreML.framework */,
				"266C2256-6305-4E31-BC35-A74DF945270E" /* Foundation.framework */,
				"144CDE85-04DF-4A1F-B5C9-9A806568DCE0" /* Vision.framework */,
			);
			path = frameworks;
			sourceTree = "<group>";
		};
		"586962B0-CDEB-4D2A-9D6B-971C26E49322" /* src */ = {
			isa = PBXGroup;
			children = (
				"D217C9BE-9A23-4A06-9ED9-F0E6F96F9ED9" /* Detection.h */,
				"75AD7FD5-5226-43BF-AA82-4071C12E27B9" /* Detection.m */,
				"32D26629-E87E-416F-B515-D0FF6EA0EB25" /* ObjectRecognition.h */,
				"295E0CD5-2A02-4F78-B06E-E5FF2F672D6D" /* ObjectRecognition.m */,
				"5D897954-92D0-477E-8E5E-11C8278C0D37" /* Segmentation.h */,
				"06AC57A6-B836-49C8-B7EE-3E726460E154" /* Segmentation.m */,
				"50C46E75-2EC7-4268-848B-5944B2A01836" /* ofxVisionConstants.h */,
				"3C43F7E9-20ED-4420-A5A4-BB197D2A5493" /* ofxVisionDetection.h */,
				"BF625248-0F8C-48FC-8845-F3F7BC06DB8C" /* ofxVisionDetection.mm */,
				"FF86AA3B-0403-4987-80DB-3ACE61851146" /* ofxVisionHelpers.h */,
				"98AB80E3-54F0-4818-B77E-42FBA1EFD68A" /* ofxVisionHelpers.mm */,
				"1F5A997F-1147-460E-A2BC-2DAA4597F7AA" /* ofxVisionProcessor.h */,
				"EB25F349-767B-49FC-8561-E8A9C4756EFB" /* ofxVisionProcessor.mm */,
				"406E1160-BE27-4593-A4CA-85CB86D48BB6" /* ofxVisionResults.cpp */,
				"1FBE0C05-CDE0-4CAB-A921-A13ED4FF7799" /* ofxVisionResults.h */,
			);
			path = src;
			sourceTree = "<group>";
		};
		"78778D64-24B0-41C9-81F9-012F945113D0" /* src */ = {
			isa = PBXGroup;
			children = (
				"09C70E2B-1CAC-4EE5-AC43-54BA6A9964B5" /* ofxBaseGui.cpp */,
				"8ADAC925-A84E-4478-B2D1-8734F07BBFB3" /* ofxBaseGui.h */,
				"F615ECB2-A159-4EA8-A38A-F812F7F9E9A0" /* ofxButton.cpp */,
				"0ACAC204-B32E-466E-9921-11815E25A323" /* ofxButton.h */,
				"29D473A3-4D26-4007-854F-C2B5426C8D25" /* ofxColorPicker.cpp */,
				"E335E581-0A3C-48AF-8C2F-218892E2B9BF" /* ofxColorPicker.h */,
				"7CF90649-C960-4E38-A2C2-3CBBCABCD330" /* ofxGui.h */,
				"94496483-806E-49FD-B30F-9F05CB0D4914" /* ofxGuiGroup.cpp */,
				"7B4CD10D-9EC4-4426-AEB4-68EE15C74670" /* ofxGuiGroup.h */,
				"8BB26671-A8DC-48C8-A7EE-2946CCF62D32" /* ofxGuiUtils.h */,
				"9E6129DA-42E0-438A-A557-7E029D85F350" /* ofxInputField.cpp */,
				"0FB80339-51FC-448B-A7CE-253FAA313D7C" /* ofxInputField.h */,
				"FC2FCE12-615D-4F9D-9CCE-5C5A1C29ED29" /* ofxLabel.cpp */,
				"692A6FF7-DD55-4AA8-88C8-220F16E6F33A" /* ofxLabel.h */,
				"8A29A6E7-DBB4-4C6A-976F-35D5952F354B" /* ofxPanel.cpp */,
				"7DDC8E7C-6CEC-4ACA-82CF-B2196814D301" /* ofxPanel.h */,
				"F801F34D-5D03-47AE-81EF-DA4E52AF25CB" /* ofxSlider.cpp */,
				"417565D4-95EB-4722-AC39-8286A47D1860" /* ofxSlider.h */,
				"B8AB15EC-41DA-4AB6-A7A7-73AB1D384345" /* ofxSliderGroup.cpp */,
				"6D07CC0D-675A-46B7-A886-E0480C0844AE" /* ofxSliderGroup.h */,
				"5C3BD576-800B-4CCF-9CB2-78E6FAD1E9EA" /* ofxToggle.cpp */,
				"B8F83E2E-34AE-442A-9419-9C6653CAE712" /* ofxToggle.h */,
			);
			path = src;
			sourceTree = "<group>";
		};
		"A0D08223-AAA0-4C85-BD97-1E701E50A70F" /* ofxVision */ = {
			isa = PBXGroup;
			children = (
				"586962B0-CDEB-4D2A-9D6B-971C26E49322" /* src */,
			);
			path = ofxVision;
			sourceTree = "<group>";
		};
		"A733F56B-4C34-42E3-B1F8-1FAEBD6D82A2" /* ofxGui */ = {
			isa = PBXGroup;
			children = (
				"78778D64-24B0-41C9-81F9-012F945113D0" /* src */,
			);
			path = ofxGui;
			sourceTree = "<group>";
		};
		BB4B014C10F69532006C3DED /* addons */ = {
			isa = PBXGroup;
			children = (
				"A733F56B-4C34-42E3-B1F8-1FAEBD6D82A2" /* ofxGui */,
				"A0D08223-AAA0-4C85-BD97-1E701E50A70F" /* ofxVision */,
				"02D8BCC5-BF6D-4162-81B1-321FF345D4F5" /* .. */,
			);
			name = addons;
			path = ../../../addons;
			sourceTree = SOURCE_ROOT;
		};
		E4B69B4A0A3A1720003C02F2 = {
			isa = PBXGroup;
			children = (
				B09D8BD62CE3EDCC00121AA7 /* YOLOv3.mlmodel */,
				B09D8BD52CE3EDC600121AA7 /* MarsHabitatPricer.mlmodel */,
				B09D8BD42CE3EDC100121AA7 /* hand_or_no_hand_1.mlmodel */,
				191CD6FA2847E21E0085CBB6 /* of.entitlements */,
				E4B6FCAD0C3E899E008CF71C /* openFrameworks-Info.plist */,
				E4EB6923138AFD0F00A09F29 /* Project.xcconfig */,
				B09D8BD72CE3EF2F00121AA7 /* yolo11n.mlpackage */,
				E4B69E1C0A3A1BDC003C02F2 /* src */,
				191EF70929D778A400F35F26 /* openFrameworks */,
				BB4B014C10F69532006C3DED /* addons */,
				E4B69B5B0A3A1756003C02F2 /* example-CustomModelObjectDetectionDebug.app */,
				"7BE5FBC4-5E15-49E2-AE73-DB13D043654D" /* data */,
			);
			sourceTree = "<group>";
		};
		E4B69E1C0A3A1BDC003C02F2 /* src */ = {
			isa = PBXGroup;
			children = (
				E4B69E1D0A3A1BDC003C02F2 /* main.cpp */,
				E4B69E1E0A3A1BDC003C02F2 /* ofApp.cpp */,
				E4B69E1F0A3A1BDC003C02F2 /* ofApp.h */,
			);
			path = src;
			sourceTree = SOURCE_ROOT;
		};
/* End PBXGroup section */

/* Begin PBXNativeTarget section */
		E4B69B5A0A3A1756003C02F2 /* example-CustomModelObjectDetection */ = {
			isa = PBXNativeTarget;
			buildConfigurationList = E4B69B5F0A3A1757003C02F2 /* Build configuration list for PBXNativeTarget "example-CustomModelObjectDetection" */;
			buildPhases = (
				BF26640B2C634C16004360E2 /* ShellScript */,
				E42962A92163ECCD00A6A9E2 /* Run Script — Compile OF */,
				E4B69B580A3A1756003C02F2 /* Sources */,
				E4B69B590A3A1756003C02F2 /* Frameworks */,
				E4C2427710CC5ABF004149E2 /* CopyFiles */,
				E4A5B60F29BAAAE400C2D356 /* CopyFiles */,
				19B789C429E5AB4A0082E9B8 /* ShellScript */,
			);
			buildRules = (
			);
			dependencies = (
			);
			name = "example-CustomModelObjectDetection";
			productName = myOFApp;
			productReference = E4B69B5B0A3A1756003C02F2 /* example-CustomModelObjectDetectionDebug.app */;
			productType = "com.apple.product-type.application";
		};
/* End PBXNativeTarget section */

/* Begin PBXProject section */
		E4B69B4C0A3A1720003C02F2 /* Project object */ = {
			isa = PBXProject;
			attributes = {
				BuildIndependentTargetsInParallel = YES;
				LastUpgradeCheck = 1540;
			};
			buildConfigurationList = E4B69B4D0A3A1720003C02F2 /* Build configuration list for PBXProject "example-CustomModelObjectDetection" */;
			compatibilityVersion = "Xcode 3.2";
			developmentRegion = en;
			hasScannedForEncodings = 0;
			knownRegions = (
				en,
				Base,
			);
			mainGroup = E4B69B4A0A3A1720003C02F2;
			productRefGroup = E4B69B4A0A3A1720003C02F2;
			projectDirPath = "";
			projectRoot = "";
			targets = (
				E4B69B5A0A3A1756003C02F2 /* example-CustomModelObjectDetection */,
			);
		};
/* End PBXProject section */

/* Begin PBXShellScriptBuildPhase section */
		19B789C429E5AB4A0082E9B8 /* ShellScript */ = {
			isa = PBXShellScriptBuildPhase;
			alwaysOutOfDate = 1;
			buildActionMask = 2147483647;
			files = (
			);
			inputFileListPaths = (
			);
			inputPaths = (
			);
			outputFileListPaths = (
			);
			outputPaths = (
			);
			runOnlyForDeploymentPostprocessing = 0;
			shellPath = /bin/sh;
			shellScript = "\"$OF_PATH/scripts/osx/xcode_project.sh\"\n";
			showEnvVarsInLog = 0;
		};
		BF26640B2C634C16004360E2 /* ShellScript */ = {
			isa = PBXShellScriptBuildPhase;
			alwaysOutOfDate = 1;
			buildActionMask = 2147483647;
			files = (
			);
			inputFileListPaths = (
			);
			inputPaths = (
			);
			outputFileListPaths = (
			);
			outputPaths = (
			);
			runOnlyForDeploymentPostprocessing = 0;
			shellPath = "/usr/bin/env bash";
			shellScript = "#!/usr/bin/env bash\nif [ ! -d \"${OF_PATH}/libs/freetype/lib/macos/freetype.xcframework\" ]; then\n\techo \"openFrameworks has missing xcFrameworks for osx. Downloading libaries now via scripts/osx/download_libs.sh\"\n    ${OF_PATH}/scripts/osx/download_libs.sh\nelse\n\techo \"xcFrameworks found\"\nfi\n";
			showEnvVarsInLog = 0;
		};
		E42962A92163ECCD00A6A9E2 /* Run Script — Compile OF */ = {
			isa = PBXShellScriptBuildPhase;
			alwaysOutOfDate = 1;
			buildActionMask = 2147483647;
			files = (
			);
			inputPaths = (
			);
			name = "Run Script — Compile OF";
			outputPaths = (
			);
			runOnlyForDeploymentPostprocessing = 0;
			shellPath = /bin/sh;
			shellScript = "$OF_CORE_BUILD_COMMAND\n";
			showEnvVarsInLog = 0;
		};
/* End PBXShellScriptBuildPhase section */

/* Begin PBXSourcesBuildPhase section */
		E4B69B580A3A1756003C02F2 /* Sources */ = {
			isa = PBXSourcesBuildPhase;
			buildActionMask = 2147483647;
			files = (
				E4B69E200A3A1BDC003C02F2 /* main.cpp in Sources */,
				E4B69E210A3A1BDC003C02F2 /* ofApp.cpp in Sources */,
				"75CB5C11-D0FF-4880-A50D-C4C0F925360B" /* ofxBaseGui.cpp in Sources */,
				"5A45E277-DF36-4F9E-96B0-2B8F78EC1A44" /* ofxButton.cpp in Sources */,
				"1A59C507-247A-4B41-BB52-57D7EF97C3DB" /* ofxColorPicker.cpp in Sources */,
				"73CD1155-E4F4-4C64-BCB7-558EE6F235F6" /* ofxGuiGroup.cpp in Sources */,
				"458B00C2-EC8B-463A-BE6E-64F73164E6C3" /* ofxInputField.cpp in Sources */,
				"3D603850-68B1-4FDA-9470-18D36DAAFB2B" /* ofxLabel.cpp in Sources */,
				"BA2A73FA-ADD8-4A77-AAC2-A8738490A74C" /* ofxPanel.cpp in Sources */,
				"FF9C2ADC-6EA7-41C1-8032-BF0B08402F22" /* ofxSlider.cpp in Sources */,
				"2E5F3040-7EF1-4274-9C46-569B608764A1" /* ofxSliderGroup.cpp in Sources */,
				"C025D768-CC52-4A69-8B75-B1F41CAD850B" /* ofxToggle.cpp in Sources */,
				"E55940D6-9D94-4F9B-B146-AF4D7507665F" /* Detection.m in Sources */,
				"B42824C7-77B3-4FC6-8B4A-D5B14202E9B8" /* ObjectRecognition.m in Sources */,
				"5FBB18E1-921E-4BA0-AE5A-EB87EA4A031C" /* Segmentation.m in Sources */,
				"3305797A-F8CE-41FE-8324-B710F9E0DCBA" /* ofxVisionDetection.mm in Sources */,
				"6E1E3362-8056-4FD8-8549-02CCDEA80024" /* ofxVisionHelpers.mm in Sources */,
				"84FA50D4-8F6A-4467-9B0E-95CFB2651BCB" /* ofxVisionProcessor.mm in Sources */,
				"3A3EB0BE-FE22-450D-994B-A245FCAFB539" /* ofxVisionResults.cpp in Sources */,
			);
			runOnlyForDeploymentPostprocessing = 0;
		};
/* End PBXSourcesBuildPhase section */

/* Begin XCBuildConfiguration section */
		E4B69B4E0A3A1720003C02F2 /* Debug */ = {
			isa = XCBuildConfiguration;
			baseConfigurationReference = E4EB6923138AFD0F00A09F29 /* Project.xcconfig */;
			buildSettings = {
				CODE_SIGN_ENTITLEMENTS = of.entitlements;
				COPY_PHASE_STRIP = NO;
				ENABLE_TESTABILITY = YES;
				GCC_OPTIMIZATION_LEVEL = 0;
				GCC_WARN_UNUSED_VARIABLE = NO;
				HEADER_SEARCH_PATHS = (
					"$(OF_CORE_HEADERS)",
					src,
				);
				OTHER_CPLUSPLUSFLAGS = "-D__MACOSX_CORE__";
			};
			name = Debug;
		};
		E4B69B4F0A3A1720003C02F2 /* Release */ = {
			isa = XCBuildConfiguration;
			baseConfigurationReference = E4EB6923138AFD0F00A09F29 /* Project.xcconfig */;
			buildSettings = {
				CODE_SIGN_ENTITLEMENTS = of.entitlements;
				COPY_PHASE_STRIP = YES;
				GCC_OPTIMIZATION_LEVEL = 3;
				GCC_UNROLL_LOOPS = YES;
				HEADER_SEARCH_PATHS = (
					"$(OF_CORE_HEADERS)",
					src,
				);
				OTHER_CPLUSPLUSFLAGS = "-D__MACOSX_CORE__";
			};
			name = Release;
		};
		E4B69B600A3A1757003C02F2 /* Debug */ = {
			isa = XCBuildConfiguration;
			baseConfigurationReference = E4EB6923138AFD0F00A09F29 /* Project.xcconfig */;
			buildSettings = {
				ARCHS = "$(ARCHS_STANDARD)";
				COPY_PHASE_STRIP = NO;
				FRAMEWORK_SEARCH_PATHS = (
					"$(inherited)",
					/System/Library/Frameworks,
					/System/Library/Frameworks,
					/System/Library/Frameworks,
					/System/Library/Frameworks,
					/System/Library/Frameworks,
				);
				GCC_DYNAMIC_NO_PIC = NO;
				HEADER_SEARCH_PATHS = (
					"$(OF_CORE_HEADERS)",
					src,
					src,
					../../ofxGui/src,
					../src,
				);
				LIBRARY_SEARCH_PATHS = "$(inherited)";
				OTHER_CPLUSPLUSFLAGS = (
					"-fno-objc-arc",
					"-fno-objc-arc",
					"-fno-objc-arc",
					"-fno-objc-arc",
					"-fno-objc-arc",
				);
				OTHER_LDFLAGS = (
					"$(OF_CORE_LIBS)",
					"$(OF_CORE_FRAMEWORKS)",
					"$(LIB_OF_DEBUG)",
				);
			};
			name = Debug;
		};
		E4B69B610A3A1757003C02F2 /* Release */ = {
			isa = XCBuildConfiguration;
			baseConfigurationReference = E4EB6923138AFD0F00A09F29 /* Project.xcconfig */;
			buildSettings = {
				ARCHS = "$(ARCHS_STANDARD)";
				COPY_PHASE_STRIP = YES;
				FRAMEWORK_SEARCH_PATHS = (
					"$(inherited)",
					/System/Library/Frameworks,
					/System/Library/Frameworks,
					/System/Library/Frameworks,
					/System/Library/Frameworks,
					/System/Library/Frameworks,
				);
				HEADER_SEARCH_PATHS = (
					"$(OF_CORE_HEADERS)",
					src,
					src,
					../../ofxGui/src,
					../src,
				);
				LIBRARY_SEARCH_PATHS = "$(inherited)";
				OTHER_CPLUSPLUSFLAGS = (
					"-fno-objc-arc",
					"-fno-objc-arc",
					"-fno-objc-arc",
					"-fno-objc-arc",
					"-fno-objc-arc",
				);
				OTHER_LDFLAGS = (
					"$(OF_CORE_LIBS)",
					"$(OF_CORE_FRAMEWORKS)",
					"$(LIB_OF)",
				);
				baseConfigurationReference = E4EB6923138AFD0F00A09F29;
			};
			name = Release;
		};
/* End XCBuildConfiguration section */

/* Begin XCConfigurationList section */
		E4B69B4D0A3A1720003C02F2 /* Build configuration list for PBXProject "example-CustomModelObjectDetection" */ = {
			isa = XCConfigurationList;
			buildConfigurations = (
				E4B69B4E0A3A1720003C02F2 /* Debug */,
				E4B69B4F0A3A1720003C02F2 /* Release */,
			);
			defaultConfigurationIsVisible = 0;
			defaultConfigurationName = Release;
		};
		E4B69B5F0A3A1757003C02F2 /* Build configuration list for PBXNativeTarget "example-CustomModelObjectDetection" */ = {
			isa = XCConfigurationList;
			buildConfigurations = (
				E4B69B600A3A1757003C02F2 /* Debug */,
				E4B69B610A3A1757003C02F2 /* Release */,
			);
			defaultConfigurationIsVisible = 0;
			defaultConfigurationName = Release;
		};
/* End XCConfigurationList section */
	};
	rootObject = E4B69B4C0A3A1720003C02F2 /* Project object */;
}
