{
	"archiveVersion": "1",
	"classes": {},
	"objectVersion": "54",
	"objects": {
		"02EB268E-748D-4A68-8E99-DE132D13B85C": {
			"children": [
				"1112ECEF-175A-4C49-925E-9FFC4839760C",
				"0E14CE8C-4AC4-4FCB-9052-FEB3ADBD3731"
			],
			"isa": "PBXGroup",
			"name": "ofxVision",
			"path": "../../../addons/ofxVision",
			"sourceTree": "SOURCE_ROOT"
		},
		"04E21E11-05B8-487B-9628-B9FF2904E342": {
			"explicitFileType": "sourcecode.cpp.cpp",
			"fileEncoding": "4",
			"isa": "PBXFileReference",
			"name": "ofxVisionResults.cpp",
			"path": "../../../addons/ofxVision/src/ofxVisionResults.cpp",
			"sourceTree": "SOURCE_ROOT"
		},
		"06826516-7016-47E4-910E-6D4B556B0E41": {
			"explicitFileType": "sourcecode.cpp.objcpp",
			"fileEncoding": "4",
			"isa": "PBXFileReference",
			"name": "ofxVisionProcessor.mm",
			"path": "../../../addons/ofxVision/src/ofxVisionProcessor.mm",
			"sourceTree": "SOURCE_ROOT"
		},
		"069A9964-CF50-463A-AB34-B3CF558C329E": {
			"explicitFileType": "sourcecode.c.h",
			"fileEncoding": "4",
			"isa": "PBXFileReference",
			"name": "ofxBaseGui.h",
			"path": "../../../addons/ofxGui/src/ofxBaseGui.h",
			"sourceTree": "SOURCE_ROOT"
		},
		"0B33887A-D2AE-4E96-A852-89394A6B834F": {
			"fileRef": "56E8D9C1-DBFB-494A-BFE5-367AD4C28DA2",
			"isa": "PBXBuildFile"
		},
		"0CC263C8-1B9B-40C2-A917-321AC7BC4C42": {
			"explicitFileType": "sourcecode.cpp.objcpp",
			"fileEncoding": "4",
			"isa": "PBXFileReference",
			"name": "ofxVisionDetection.mm",
			"path": "../../../addons/ofxVision/src/ofxVisionDetection.mm",
			"sourceTree": "SOURCE_ROOT"
		},
		"0E14CE8C-4AC4-4FCB-9052-FEB3ADBD3731": {
			"children": [
				"2EC355EB-36E3-472D-B478-F71713B5D56D",
				"53CDB2F0-FAE8-4602-8302-9F4C7B6FF051",
				"897A44F3-1826-4A40-B419-A7459ECD65BB",
				"19D2D196-3E03-4281-BB52-07F8F444ACA0",
				"925D2538-6F15-4D90-8AAB-3EBE526AFFED"
			],
			"isa": "PBXGroup",
			"name": "frameworks",
			"sourceTree": "SOURCE_ROOT"
		},
		"10078C1F-EA9A-4E11-8941-6F5FBF6B90A5": {
			"fileRef": "04E21E11-05B8-487B-9628-B9FF2904E342",
			"isa": "PBXBuildFile"
		},
		"10C96759-DBAE-4539-94D5-72217F7E4BCB": {
			"fileRef": "6378C465-5B7C-4D30-B1BA-733790D57CCD",
			"isa": "PBXBuildFile"
		},
		"10D782AB-76AC-4FF9-A823-D609392FFA11": {
			"explicitFileType": "sourcecode.c.h",
			"fileEncoding": "4",
			"isa": "PBXFileReference",
			"name": "ObjectRecognition.h",
			"path": "../../../addons/ofxVision/src/ObjectRecognition.h",
			"sourceTree": "SOURCE_ROOT"
		},
		"1112ECEF-175A-4C49-925E-9FFC4839760C": {
			"children": [
				"6217516F-6559-4825-849C-FB6693F87965",
				"CA129D1F-D815-4907-86A5-E98A8C309CF1",
				"10D782AB-76AC-4FF9-A823-D609392FFA11",
				"6378C465-5B7C-4D30-B1BA-733790D57CCD",
				"41BD3E7C-09FF-4E15-BCCB-D086DD1F5DB9",
				"51AD6AE8-1B7E-4FAB-ABCB-A4FDAB1E55F2",
				"120603A1-D588-43B4-BCF9-EBEE3C3E63B3",
				"DAC8E96A-31DA-4753-AB59-AB6A9F15E590",
				"0CC263C8-1B9B-40C2-A917-321AC7BC4C42",
				"212CFB44-71B9-43CB-B074-876357D86440",
				"E1CEA862-751F-4E4C-B766-1452B48635F4",
				"73D2D371-3449-4F41-86E4-A157F5785721",
				"06826516-7016-47E4-910E-6D4B556B0E41",
				"04E21E11-05B8-487B-9628-B9FF2904E342",
				"4F139337-5A06-44B6-B919-A9374EB20710"
			],
			"isa": "PBXGroup",
			"name": "src",
			"path": "../../../addons/ofxVision/src",
			"sourceTree": "SOURCE_ROOT"
		},
		"120603A1-D588-43B4-BCF9-EBEE3C3E63B3": {
			"explicitFileType": "sourcecode.c.h",
			"fileEncoding": "4",
			"isa": "PBXFileReference",
			"name": "ofxVisionConstants.h",
			"path": "../../../addons/ofxVision/src/ofxVisionConstants.h",
			"sourceTree": "SOURCE_ROOT"
		},
		"12369A1D-E91A-4768-8264-1C6F0276C680": {
			"fileRef": "2EC355EB-36E3-472D-B478-F71713B5D56D",
			"isa": "PBXBuildFile",
			"settings": {
				"ATTRIBUTES": [
					"CodeSignOnCopy"
				]
			}
		},
		"13304436-920C-4C17-A87D-BD80520F1BF4": {
			"explicitFileType": "sourcecode.cpp.cpp",
			"fileEncoding": "4",
			"isa": "PBXFileReference",
			"name": "ofxSliderGroup.cpp",
			"path": "../../../addons/ofxGui/src/ofxSliderGroup.cpp",
			"sourceTree": "SOURCE_ROOT"
		},
		"1443C026-BB67-450C-8386-81E113B2D713": {
			"fileRef": "897A44F3-1826-4A40-B419-A7459ECD65BB",
			"isa": "PBXBuildFile",
			"settings": {
				"ATTRIBUTES": [
					"CodeSignOnCopy"
				]
			}
		},
		"148FCEA0-0DF1-4F79-AA37-E63CF57F82D4": {
			"fileRef": "19D2D196-3E03-4281-BB52-07F8F444ACA0",
			"isa": "PBXBuildFile",
			"settings": {
				"ATTRIBUTES": [
					"CodeSignOnCopy"
				]
			}
		},
		"1840EC55-A6CF-4880-8994-21785BF1774F": {
			"fileRef": "53B409D8-CAE2-4770-9C2F-DF181A180055",
			"isa": "PBXBuildFile"
		},
		"187607B7-D833-416B-A2E9-12E16CC49216": {
			"fileRef": "897A44F3-1826-4A40-B419-A7459ECD65BB",
			"isa": "PBXBuildFile"
		},
		"191CD6FA2847E21E0085CBB6": {
			"fileEncoding": "4",
			"isa": "PBXFileReference",
			"lastKnownFileType": "text.plist.entitlements",
			"path": "of.entitlements",
			"sourceTree": "<group>"
		},
		"191EF70929D778A400F35F26": {
			"isa": "PBXFileReference",
			"lastKnownFileType": "folder",
			"name": "openFrameworks",
			"path": "../../../libs/openFrameworks",
			"sourceTree": "SOURCE_ROOT"
		},
		"19B789C429E5AB4A0082E9B8": {
			"buildActionMask": "2147483647",
			"files": [],
			"inputFileListPaths": [],
			"inputPaths": [],
			"isa": "PBXShellScriptBuildPhase",
			"outputFileListPaths": [],
			"outputPaths": [],
			"runOnlyForDeploymentPostprocessing": "0",
			"shellPath": "/bin/sh",
			"shellScript": "\"$OF_PATH/scripts/osx/xcode_project.sh\"\n",
			"showEnvVarsInLog": "0"
		},
		"19D2D196-3E03-4281-BB52-07F8F444ACA0": {
			"isa": "PBXFileReference",
			"lastKnownFileType": "wrapper.framework",
			"name": "Foundation.framework",
			"path": "/System/Library/Frameworks/Foundation.framework",
			"sourceTree": "SOURCE_ROOT"
		},
		"1CC11BB0-070A-490B-BB9E-0E8145D13811": {
			"explicitFileType": "sourcecode.c.h",
			"fileEncoding": "4",
			"isa": "PBXFileReference",
			"name": "ofxInputField.h",
			"path": "../../../addons/ofxGui/src/ofxInputField.h",
			"sourceTree": "SOURCE_ROOT"
		},
		"212CFB44-71B9-43CB-B074-876357D86440": {
			"explicitFileType": "sourcecode.c.h",
			"fileEncoding": "4",
			"isa": "PBXFileReference",
			"name": "ofxVisionHelpers.h",
			"path": "../../../addons/ofxVision/src/ofxVisionHelpers.h",
			"sourceTree": "SOURCE_ROOT"
		},
		"2931A01E-B7A9-4E4B-88A8-6A4595CD9A1A": {
			"fileRef": "978BBA5B-880A-4570-B915-7273B8F608CB",
			"isa": "PBXBuildFile"
		},
		"2EC355EB-36E3-472D-B478-F71713B5D56D": {
			"isa": "PBXFileReference",
			"lastKnownFileType": "wrapper.framework",
			"name": "AVFoundation.framework",
			"path": "/System/Library/Frameworks/AVFoundation.framework",
			"sourceTree": "SOURCE_ROOT"
		},
		"32FAC173-236D-4DCE-819E-FE224702A8EF": {
			"explicitFileType": "sourcecode.cpp.cpp",
			"fileEncoding": "4",
			"isa": "PBXFileReference",
			"name": "ofxLabel.cpp",
			"path": "../../../addons/ofxGui/src/ofxLabel.cpp",
			"sourceTree": "SOURCE_ROOT"
		},
		"37585EA0-16DA-449A-9A35-3BF2F456F123": {
			"fileRef": "925D2538-6F15-4D90-8AAB-3EBE526AFFED",
			"isa": "PBXBuildFile"
		},
		"3845C6FB-FBCA-45AF-8AEE-0723981CAE5A": {
			"fileRef": "13304436-920C-4C17-A87D-BD80520F1BF4",
			"isa": "PBXBuildFile"
		},
		"3C43CFE6-00F6-4265-9D72-FC08BAB5A496": {
			"fileRef": "A0747D28-3E45-4C00-B6ED-9245165B3CCB",
			"isa": "PBXBuildFile"
		},
		"3E21D784-9B4E-4A56-865D-F20833DF68D9": {
			"explicitFileType": "sourcecode.c.h",
			"fileEncoding": "4",
			"isa": "PBXFileReference",
			"name": "ofxGuiGroup.h",
			"path": "../../../addons/ofxGui/src/ofxGuiGroup.h",
			"sourceTree": "SOURCE_ROOT"
		},
		"41BD3E7C-09FF-4E15-BCCB-D086DD1F5DB9": {
			"explicitFileType": "sourcecode.c.h",
			"fileEncoding": "4",
			"isa": "PBXFileReference",
			"name": "Segmentation.h",
			"path": "../../../addons/ofxVision/src/Segmentation.h",
			"sourceTree": "SOURCE_ROOT"
		},
		"48F89EB9-0660-4E8E-822B-0A8631FB16FB": {
			"explicitFileType": "sourcecode.cpp.cpp",
			"fileEncoding": "4",
			"isa": "PBXFileReference",
			"name": "ofxColorPicker.cpp",
			"path": "../../../addons/ofxGui/src/ofxColorPicker.cpp",
			"sourceTree": "SOURCE_ROOT"
		},
		"4903B6CF-2B21-495D-ADE4-D9530195E885": {
			"fileRef": "E3B68728-46AB-4DCF-B522-F2F4E515F25F",
			"isa": "PBXBuildFile"
		},
		"4A502DAF-2F1B-4218-A920-D0A1EAE7BE19": {
			"explicitFileType": "sourcecode.c.h",
			"fileEncoding": "4",
			"isa": "PBXFileReference",
			"name": "ofxSlider.h",
			"path": "../../../addons/ofxGui/src/ofxSlider.h",
			"sourceTree": "SOURCE_ROOT"
		},
		"4F139337-5A06-44B6-B919-A9374EB20710": {
			"explicitFileType": "sourcecode.c.h",
			"fileEncoding": "4",
			"isa": "PBXFileReference",
			"name": "ofxVisionResults.h",
			"path": "../../../addons/ofxVision/src/ofxVisionResults.h",
			"sourceTree": "SOURCE_ROOT"
		},
		"51AD6AE8-1B7E-4FAB-ABCB-A4FDAB1E55F2": {
			"explicitFileType": "sourcecode.cpp.objcpp",
			"fileEncoding": "4",
			"isa": "PBXFileReference",
			"name": "Segmentation.m",
			"path": "../../../addons/ofxVision/src/Segmentation.m",
			"sourceTree": "SOURCE_ROOT"
		},
		"53B409D8-CAE2-4770-9C2F-DF181A180055": {
			"explicitFileType": "sourcecode.cpp.cpp",
			"fileEncoding": "4",
			"isa": "PBXFileReference",
			"name": "ofxSlider.cpp",
			"path": "../../../addons/ofxGui/src/ofxSlider.cpp",
			"sourceTree": "SOURCE_ROOT"
		},
		"53CDB2F0-FAE8-4602-8302-9F4C7B6FF051": {
			"isa": "PBXFileReference",
			"lastKnownFileType": "wrapper.framework",
			"name": "AVKit.framework",
			"path": "/System/Library/Frameworks/AVKit.framework",
			"sourceTree": "SOURCE_ROOT"
		},
		"560D0353-7A7B-4EC2-9BE5-F88BBBC98A1A": {
			"fileRef": "E1CEA862-751F-4E4C-B766-1452B48635F4",
			"isa": "PBXBuildFile"
		},
		"5658B3DE-573B-4C8B-9497-2C048DB501FB": {
			"fileRef": "E103CBF5-0F95-47C5-94DB-7671F98DC3F2",
			"isa": "PBXBuildFile"
		},
		"56E8D9C1-DBFB-494A-BFE5-367AD4C28DA2": {
			"explicitFileType": "sourcecode.cpp.cpp",
			"fileEncoding": "4",
			"isa": "PBXFileReference",
			"name": "ofxToggle.cpp",
			"path": "../../../addons/ofxGui/src/ofxToggle.cpp",
			"sourceTree": "SOURCE_ROOT"
		},
		"584BD2BD-0CFD-4AC3-A41E-2FC8ABD2B06B": {
			"fileRef": "53CDB2F0-FAE8-4602-8302-9F4C7B6FF051",
			"isa": "PBXBuildFile"
		},
		"5F32E9E1-B20C-4DC2-B236-65184D5B4EAE": {
			"explicitFileType": "sourcecode.c.h",
			"fileEncoding": "4",
			"isa": "PBXFileReference",
			"name": "ofxGui.h",
			"path": "../../../addons/ofxGui/src/ofxGui.h",
			"sourceTree": "SOURCE_ROOT"
		},
		"6217516F-6559-4825-849C-FB6693F87965": {
			"explicitFileType": "sourcecode.c.h",
			"fileEncoding": "4",
			"isa": "PBXFileReference",
			"name": "Detection.h",
			"path": "../../../addons/ofxVision/src/Detection.h",
			"sourceTree": "SOURCE_ROOT"
		},
		"6378C465-5B7C-4D30-B1BA-733790D57CCD": {
			"explicitFileType": "sourcecode.cpp.objcpp",
			"fileEncoding": "4",
			"isa": "PBXFileReference",
			"name": "ObjectRecognition.m",
			"path": "../../../addons/ofxVision/src/ObjectRecognition.m",
			"sourceTree": "SOURCE_ROOT"
		},
		"6D524198-2D6C-4A43-AEF8-5D1B3A32187A": {
			"fileRef": "CA129D1F-D815-4907-86A5-E98A8C309CF1",
			"isa": "PBXBuildFile"
		},
		"6F90B867-0319-4639-A961-98DD778A0D9E": {
			"explicitFileType": "sourcecode.c.h",
			"fileEncoding": "4",
			"isa": "PBXFileReference",
			"name": "ofxColorPicker.h",
			"path": "../../../addons/ofxGui/src/ofxColorPicker.h",
			"sourceTree": "SOURCE_ROOT"
		},
		"73D2D371-3449-4F41-86E4-A157F5785721": {
			"explicitFileType": "sourcecode.c.h",
			"fileEncoding": "4",
			"isa": "PBXFileReference",
			"name": "ofxVisionProcessor.h",
			"path": "../../../addons/ofxVision/src/ofxVisionProcessor.h",
			"sourceTree": "SOURCE_ROOT"
		},
		"7BEA081C-7672-46AD-9388-B8C6CF3AC397": {
			"fileRef": "53CDB2F0-FAE8-4602-8302-9F4C7B6FF051",
			"isa": "PBXBuildFile",
			"settings": {
				"ATTRIBUTES": [
					"CodeSignOnCopy"
				]
			}
		},
		"85617DB5-9724-410E-9A9A-6BFF331C1433": {
			"children": [
				"EA52D10B-A0DD-4337-81CC-A3117BDE688A"
			],
			"isa": "PBXGroup",
			"name": "ofxGui",
			"path": "../../../addons/ofxGui",
			"sourceTree": "SOURCE_ROOT"
		},
		"85C1479D-D680-47B4-A3E7-76E3070DB026": {
			"fileRef": "87889F91-58A7-4232-8780-D9C7C448973B",
			"isa": "PBXBuildFile"
		},
		"87889F91-58A7-4232-8780-D9C7C448973B": {
			"explicitFileType": "sourcecode.cpp.cpp",
			"fileEncoding": "4",
			"isa": "PBXFileReference",
			"name": "ofxPanel.cpp",
			"path": "../../../addons/ofxGui/src/ofxPanel.cpp",
			"sourceTree": "SOURCE_ROOT"
		},
		"897A44F3-1826-4A40-B419-A7459ECD65BB": {
			"isa": "PBXFileReference",
			"lastKnownFileType": "wrapper.framework",
			"name": "CoreML.framework",
			"path": "/System/Library/Frameworks/CoreML.framework",
			"sourceTree": "SOURCE_ROOT"
		},
		"925D2538-6F15-4D90-8AAB-3EBE526AFFED": {
			"isa": "PBXFileReference",
			"lastKnownFileType": "wrapper.framework",
			"name": "Vision.framework",
			"path": "/System/Library/Frameworks/Vision.framework",
			"sourceTree": "SOURCE_ROOT"
		},
		"970C514A-F1DB-48E3-85E8-4E98EE91A243": {
			"fileRef": "51AD6AE8-1B7E-4FAB-ABCB-A4FDAB1E55F2",
			"isa": "PBXBuildFile"
		},
		"9728BD4F-AB62-42E8-B560-CB32042916B2": {
			"fileRef": "2EC355EB-36E3-472D-B478-F71713B5D56D",
			"isa": "PBXBuildFile"
		},
		"978BBA5B-880A-4570-B915-7273B8F608CB": {
			"explicitFileType": "sourcecode.cpp.cpp",
			"fileEncoding": "4",
			"isa": "PBXFileReference",
			"name": "ofxButton.cpp",
			"path": "../../../addons/ofxGui/src/ofxButton.cpp",
			"sourceTree": "SOURCE_ROOT"
		},
		"9D84527D-1D13-4062-A070-9645E1BA11EA": {
			"explicitFileType": "sourcecode.c.h",
			"fileEncoding": "4",
			"isa": "PBXFileReference",
			"name": "ofxPanel.h",
			"path": "../../../addons/ofxGui/src/ofxPanel.h",
			"sourceTree": "SOURCE_ROOT"
		},
		"9FA48A43-A7FD-498E-8094-F8F024179D5C": {
			"explicitFileType": "sourcecode.c.h",
			"fileEncoding": "4",
			"isa": "PBXFileReference",
			"name": "ofxButton.h",
			"path": "../../../addons/ofxGui/src/ofxButton.h",
			"sourceTree": "SOURCE_ROOT"
		},
		"A0747D28-3E45-4C00-B6ED-9245165B3CCB": {
			"explicitFileType": "sourcecode.cpp.cpp",
			"fileEncoding": "4",
			"isa": "PBXFileReference",
			"name": "ofxInputField.cpp",
			"path": "../../../addons/ofxGui/src/ofxInputField.cpp",
			"sourceTree": "SOURCE_ROOT"
		},
		"A554D305-4EF7-4191-8D63-487CADCC9145": {
			"fileRef": "0CC263C8-1B9B-40C2-A917-321AC7BC4C42",
			"isa": "PBXBuildFile"
		},
		"A9269C7D-3B52-47D4-AD39-C491BA202864": {
			"explicitFileType": "sourcecode.c.h",
			"fileEncoding": "4",
			"isa": "PBXFileReference",
			"name": "ofxGuiUtils.h",
			"path": "../../../addons/ofxGui/src/ofxGuiUtils.h",
			"sourceTree": "SOURCE_ROOT"
		},
		"ABCDA106-22B9-423B-8BA6-D03130CA12D3": {
			"fileRef": "19D2D196-3E03-4281-BB52-07F8F444ACA0",
			"isa": "PBXBuildFile"
		},
		"AED1784D-2F4E-40B2-896F-C6504925989E": {
			"fileRef": "06826516-7016-47E4-910E-6D4B556B0E41",
			"isa": "PBXBuildFile"
		},
		"B01015A1-B877-4A6F-AE78-B7754411B205": {
			"explicitFileType": "sourcecode.c.h",
			"fileEncoding": "4",
			"isa": "PBXFileReference",
			"name": "ofxSliderGroup.h",
			"path": "../../../addons/ofxGui/src/ofxSliderGroup.h",
			"sourceTree": "SOURCE_ROOT"
		},
		"BB4B014C10F69532006C3DED": {
			"children": [
				"85617DB5-9724-410E-9A9A-6BFF331C1433",
				"02EB268E-748D-4A68-8E99-DE132D13B85C"
			],
			"isa": "PBXGroup",
			"name": "addons",
			"path": "../../../addons",
			"sourceTree": "<group>"
		},
		"C7EC372D-B2B4-4E6F-9FEB-535BC9C5688F": {
			"fileRef": "48F89EB9-0660-4E8E-822B-0A8631FB16FB",
			"isa": "PBXBuildFile"
		},
		"CA129D1F-D815-4907-86A5-E98A8C309CF1": {
			"explicitFileType": "sourcecode.cpp.objcpp",
			"fileEncoding": "4",
			"isa": "PBXFileReference",
			"name": "Detection.m",
			"path": "../../../addons/ofxVision/src/Detection.m",
			"sourceTree": "SOURCE_ROOT"
		},
		"D7820E08-A180-4A05-ACE5-0826F2834AAE": {
			"fileRef": "925D2538-6F15-4D90-8AAB-3EBE526AFFED",
			"isa": "PBXBuildFile",
			"settings": {
				"ATTRIBUTES": [
					"CodeSignOnCopy"
				]
			}
		},
		"DAC8E96A-31DA-4753-AB59-AB6A9F15E590": {
			"explicitFileType": "sourcecode.c.h",
			"fileEncoding": "4",
			"isa": "PBXFileReference",
			"name": "ofxVisionDetection.h",
			"path": "../../../addons/ofxVision/src/ofxVisionDetection.h",
			"sourceTree": "SOURCE_ROOT"
		},
		"E103CBF5-0F95-47C5-94DB-7671F98DC3F2": {
			"explicitFileType": "sourcecode.cpp.cpp",
			"fileEncoding": "4",
			"isa": "PBXFileReference",
			"name": "ofxGuiGroup.cpp",
			"path": "../../../addons/ofxGui/src/ofxGuiGroup.cpp",
			"sourceTree": "SOURCE_ROOT"
		},
		"E1CEA862-751F-4E4C-B766-1452B48635F4": {
			"explicitFileType": "sourcecode.cpp.objcpp",
			"fileEncoding": "4",
			"isa": "PBXFileReference",
			"name": "ofxVisionHelpers.mm",
			"path": "../../../addons/ofxVision/src/ofxVisionHelpers.mm",
			"sourceTree": "SOURCE_ROOT"
		},
		"E3B68728-46AB-4DCF-B522-F2F4E515F25F": {
			"explicitFileType": "sourcecode.cpp.cpp",
			"fileEncoding": "4",
			"isa": "PBXFileReference",
			"name": "ofxBaseGui.cpp",
			"path": "../../../addons/ofxGui/src/ofxBaseGui.cpp",
			"sourceTree": "SOURCE_ROOT"
		},
		"E42962A92163ECCD00A6A9E2": {
			"alwaysOutOfDate": "1",
			"buildActionMask": "2147483647",
			"files": [],
			"inputPaths": [],
			"isa": "PBXShellScriptBuildPhase",
			"name": "Run Script — Compile OF",
			"outputPaths": [],
			"runOnlyForDeploymentPostprocessing": "0",
			"shellPath": "/bin/sh",
			"shellScript": "echo \"💾 Compiling Openframeworks\"\nxcodebuild -project \"$OF_PATH/libs/openFrameworksCompiled/project/osx/openFrameworksLib.xcodeproj\" -target openFrameworks -configuration \"${CONFIGURATION}\"  CLANG_CXX_LANGUAGE_STANDARD=$CLANG_CXX_LANGUAGE_STANDARD MACOSX_DEPLOYMENT_TARGET=$MACOSX_DEPLOYMENT_TARGET GCC_PREPROCESSOR_DEFINITIONS=$USER_PREPROCESSOR_DEFINITIONS\n",
			"showEnvVarsInLog": "0"
		},
		"E4A5B60F29BAAAE400C2D356": {
			"buildActionMask": "2147483647",
			"dstPath": "",
			"dstSubfolderSpec": "6",
			"files": [],
			"isa": "PBXCopyFilesBuildPhase",
			"runOnlyForDeploymentPostprocessing": "0"
		},
		"E4B69B4A0A3A1720003C02F2": {
			"children": [
				"191CD6FA2847E21E0085CBB6",
				"E4B6FCAD0C3E899E008CF71C",
				"E4EB6923138AFD0F00A09F29",
				"E4B69E1C0A3A1BDC003C02F2",
				"191EF70929D778A400F35F26",
				"BB4B014C10F69532006C3DED",
				"E4B69B5B0A3A1756003C02F2"
			],
			"isa": "PBXGroup",
			"sourceTree": "<group>"
		},
		"E4B69B4C0A3A1720003C02F2": {
			"attributes": {
				"LastUpgradeCheck": "0600"
			},
			"buildConfigurationList": "E4B69B4D0A3A1720003C02F2",
			"compatibilityVersion": "Xcode 3.2",
			"developmentRegion": "en",
			"hasScannedForEncodings": "0",
			"isa": "PBXProject",
			"knownRegions": [
				"en",
				"Base"
			],
			"mainGroup": "E4B69B4A0A3A1720003C02F2",
			"productRefGroup": "E4B69B4A0A3A1720003C02F2",
			"projectDirPath": "",
			"projectRoot": "",
			"targets": [
				"E4B69B5A0A3A1756003C02F2"
			]
		},
		"E4B69B4D0A3A1720003C02F2": {
			"buildConfigurations": [
				"E4B69B4E0A3A1720003C02F2",
				"E4B69B4F0A3A1720003C02F2"
			],
			"defaultConfigurationIsVisible": "0",
			"defaultConfigurationName": "Release",
			"isa": "XCConfigurationList"
		},
		"E4B69B4E0A3A1720003C02F2": {
			"baseConfigurationReference": "E4EB6923138AFD0F00A09F29",
			"buildSettings": {
				"CODE_SIGN_ENTITLEMENTS": "of.entitlements",
				"COPY_PHASE_STRIP": "NO",
				"ENABLE_TESTABILITY": "YES",
				"GCC_OPTIMIZATION_LEVEL": "0",
				"GCC_WARN_UNUSED_VARIABLE": "NO",
				"HEADER_SEARCH_PATHS": [
					"$(OF_CORE_HEADERS)",
					"src"
				],
				"OTHER_CPLUSPLUSFLAGS": "-D__MACOSX_CORE__"
			},
			"isa": "XCBuildConfiguration",
			"name": "Debug"
		},
		"E4B69B4F0A3A1720003C02F2": {
			"baseConfigurationReference": "E4EB6923138AFD0F00A09F29",
			"buildSettings": {
				"CODE_SIGN_ENTITLEMENTS": "of.entitlements",
				"COPY_PHASE_STRIP": "YES",
				"GCC_OPTIMIZATION_LEVEL": "3",
				"GCC_UNROLL_LOOPS": "YES",
				"HEADER_SEARCH_PATHS": [
					"$(OF_CORE_HEADERS)",
					"src"
				],
				"OTHER_CPLUSPLUSFLAGS": "-D__MACOSX_CORE__"
			},
			"isa": "XCBuildConfiguration",
			"name": "Release"
		},
		"E4B69B580A3A1756003C02F2": {
			"buildActionMask": "2147483647",
			"files": [
				"E4B69E200A3A1BDC003C02F2",
				"E4B69E210A3A1BDC003C02F2",
				"4903B6CF-2B21-495D-ADE4-D9530195E885",
				"2931A01E-B7A9-4E4B-88A8-6A4595CD9A1A",
				"C7EC372D-B2B4-4E6F-9FEB-535BC9C5688F",
				"5658B3DE-573B-4C8B-9497-2C048DB501FB",
				"3C43CFE6-00F6-4265-9D72-FC08BAB5A496",
				"EA9F7CEE-C89D-46AE-B367-751F5B3F254F",
				"85C1479D-D680-47B4-A3E7-76E3070DB026",
				"1840EC55-A6CF-4880-8994-21785BF1774F",
				"3845C6FB-FBCA-45AF-8AEE-0723981CAE5A",
				"0B33887A-D2AE-4E96-A852-89394A6B834F",
				"6D524198-2D6C-4A43-AEF8-5D1B3A32187A",
				"10C96759-DBAE-4539-94D5-72217F7E4BCB",
				"970C514A-F1DB-48E3-85E8-4E98EE91A243",
				"A554D305-4EF7-4191-8D63-487CADCC9145",
				"560D0353-7A7B-4EC2-9BE5-F88BBBC98A1A",
				"AED1784D-2F4E-40B2-896F-C6504925989E",
				"10078C1F-EA9A-4E11-8941-6F5FBF6B90A5"
			],
			"isa": "PBXSourcesBuildPhase",
			"runOnlyForDeploymentPostprocessing": "0"
		},
		"E4B69B590A3A1756003C02F2": {
			"buildActionMask": "2147483647",
			"files": [
				"9728BD4F-AB62-42E8-B560-CB32042916B2",
				"584BD2BD-0CFD-4AC3-A41E-2FC8ABD2B06B",
				"187607B7-D833-416B-A2E9-12E16CC49216",
				"ABCDA106-22B9-423B-8BA6-D03130CA12D3",
				"37585EA0-16DA-449A-9A35-3BF2F456F123"
			],
			"isa": "PBXFrameworksBuildPhase",
			"runOnlyForDeploymentPostprocessing": "0"
		},
		"E4B69B5A0A3A1756003C02F2": {
			"buildConfigurationList": "E4B69B5F0A3A1757003C02F2",
			"buildPhases": [
				"E42962A92163ECCD00A6A9E2",
				"E4B69B580A3A1756003C02F2",
				"E4B69B590A3A1756003C02F2",
				"E4C2427710CC5ABF004149E2",
				"E4A5B60F29BAAAE400C2D356",
				"19B789C429E5AB4A0082E9B8"
			],
			"buildRules": [],
			"dependencies": [],
			"isa": "PBXNativeTarget",
			"name": "example",
			"productName": "myOFApp",
			"productReference": "E4B69B5B0A3A1756003C02F2",
			"productType": "com.apple.product-type.application"
		},
		"E4B69B5B0A3A1756003C02F2": {
			"explicitFileType": "wrapper.application",
			"includeInIndex": "0",
			"isa": "PBXFileReference",
			"path": "exampleDebug.app",
			"sourceTree": "BUILT_PRODUCTS_DIR"
		},
		"E4B69B5F0A3A1757003C02F2": {
			"buildConfigurations": [
				"E4B69B600A3A1757003C02F2",
				"E4B69B610A3A1757003C02F2"
			],
			"defaultConfigurationIsVisible": "0",
			"defaultConfigurationName": "Release",
			"isa": "XCConfigurationList"
		},
		"E4B69B600A3A1757003C02F2": {
			"baseConfigurationReference": "E4EB6923138AFD0F00A09F29",
			"buildSettings": {
				"ARCHS": "$(ARCHS_STANDARD)",
				"COPY_PHASE_STRIP": "NO",
				"FRAMEWORK_SEARCH_PATHS": [
					"$(inherited)",
					"/System/Library/Frameworks",
					"/System/Library/Frameworks",
					"/System/Library/Frameworks",
					"/System/Library/Frameworks",
					"/System/Library/Frameworks"
				],
				"GCC_DYNAMIC_NO_PIC": "NO",
				"HEADER_SEARCH_PATHS": [
					"$(OF_CORE_HEADERS)",
					"src",
					"src",
					"../../../addons/ofxGui/src",
					"../../../addons/ofxVision/src"
				],
				"LIBRARY_SEARCH_PATHS": "$(inherited)",
				"OTHER_LDFLAGS": [
					"$(OF_CORE_LIBS)",
					"$(OF_CORE_FRAMEWORKS)",
					"$(LIB_OF_DEBUG)"
				]
			},
			"isa": "XCBuildConfiguration",
			"name": "Debug"
		},
		"E4B69B610A3A1757003C02F2": {
			"baseConfigurationReference": "E4EB6923138AFD0F00A09F29",
			"buildSettings": {
				"ARCHS": "$(ARCHS_STANDARD)",
				"COPY_PHASE_STRIP": "YES",
				"FRAMEWORK_SEARCH_PATHS": [
					"$(inherited)",
					"/System/Library/Frameworks",
					"/System/Library/Frameworks",
					"/System/Library/Frameworks",
					"/System/Library/Frameworks",
					"/System/Library/Frameworks"
				],
				"HEADER_SEARCH_PATHS": [
					"$(OF_CORE_HEADERS)",
					"src",
					"src",
					"../../../addons/ofxGui/src",
					"../../../addons/ofxVision/src"
				],
				"LIBRARY_SEARCH_PATHS": "$(inherited)",
				"OTHER_LDFLAGS": [
					"$(OF_CORE_LIBS)",
					"$(OF_CORE_FRAMEWORKS)",
					"$(LIB_OF)"
				],
				"baseConfigurationReference": "E4EB6923138AFD0F00A09F29"
			},
			"isa": "XCBuildConfiguration",
			"name": "Release"
		},
		"E4B69E1C0A3A1BDC003C02F2": {
			"children": [
				"E4B69E1D0A3A1BDC003C02F2",
				"E4B69E1E0A3A1BDC003C02F2",
				"E4B69E1F0A3A1BDC003C02F2"
			],
			"isa": "PBXGroup",
			"path": "src",
			"sourceTree": "SOURCE_ROOT"
		},
		"E4B69E1D0A3A1BDC003C02F2": {
			"fileEncoding": "4",
			"isa": "PBXFileReference",
			"lastKnownFileType": "sourcecode.cpp.cpp",
			"name": "main.cpp",
			"path": "src/main.cpp",
			"sourceTree": "SOURCE_ROOT"
		},
		"E4B69E1E0A3A1BDC003C02F2": {
			"explicitFileType": "sourcecode.cpp.cpp",
			"fileEncoding": "4",
			"isa": "PBXFileReference",
			"name": "ofApp.cpp",
			"path": "src/ofApp.cpp",
			"sourceTree": "SOURCE_ROOT"
		},
		"E4B69E1F0A3A1BDC003C02F2": {
			"fileEncoding": "4",
			"isa": "PBXFileReference",
			"lastKnownFileType": "sourcecode.c.h",
			"name": "ofApp.h",
			"path": "src/ofApp.h",
			"sourceTree": "SOURCE_ROOT"
		},
		"E4B69E200A3A1BDC003C02F2": {
			"fileRef": "E4B69E1D0A3A1BDC003C02F2",
			"isa": "PBXBuildFile"
		},
		"E4B69E210A3A1BDC003C02F2": {
			"fileRef": "E4B69E1E0A3A1BDC003C02F2",
			"isa": "PBXBuildFile"
		},
		"E4B6FCAD0C3E899E008CF71C": {
			"fileEncoding": "4",
			"isa": "PBXFileReference",
			"lastKnownFileType": "text.plist.xml",
			"path": "openFrameworks-Info.plist",
			"sourceTree": "<group>"
		},
		"E4C2427710CC5ABF004149E2": {
			"buildActionMask": "2147483647",
			"dstPath": "",
			"dstSubfolderSpec": "10",
			"files": [],
			"isa": "PBXCopyFilesBuildPhase",
			"runOnlyForDeploymentPostprocessing": "0"
		},
		"E4C26687-CEEE-4CB2-A311-55D1338F344A": {
			"explicitFileType": "sourcecode.c.h",
			"fileEncoding": "4",
			"isa": "PBXFileReference",
			"name": "ofxLabel.h",
			"path": "../../../addons/ofxGui/src/ofxLabel.h",
			"sourceTree": "SOURCE_ROOT"
		},
		"E4EB6923138AFD0F00A09F29": {
			"fileEncoding": "4",
			"isa": "PBXFileReference",
			"lastKnownFileType": "text.xcconfig",
			"path": "Project.xcconfig",
			"sourceTree": "<group>"
		},
		"EA52D10B-A0DD-4337-81CC-A3117BDE688A": {
			"children": [
				"E3B68728-46AB-4DCF-B522-F2F4E515F25F",
				"069A9964-CF50-463A-AB34-B3CF558C329E",
				"978BBA5B-880A-4570-B915-7273B8F608CB",
				"9FA48A43-A7FD-498E-8094-F8F024179D5C",
				"48F89EB9-0660-4E8E-822B-0A8631FB16FB",
				"6F90B867-0319-4639-A961-98DD778A0D9E",
				"5F32E9E1-B20C-4DC2-B236-65184D5B4EAE",
				"E103CBF5-0F95-47C5-94DB-7671F98DC3F2",
				"3E21D784-9B4E-4A56-865D-F20833DF68D9",
				"A9269C7D-3B52-47D4-AD39-C491BA202864",
				"A0747D28-3E45-4C00-B6ED-9245165B3CCB",
				"1CC11BB0-070A-490B-BB9E-0E8145D13811",
				"32FAC173-236D-4DCE-819E-FE224702A8EF",
				"E4C26687-CEEE-4CB2-A311-55D1338F344A",
				"87889F91-58A7-4232-8780-D9C7C448973B",
				"9D84527D-1D13-4062-A070-9645E1BA11EA",
				"53B409D8-CAE2-4770-9C2F-DF181A180055",
				"4A502DAF-2F1B-4218-A920-D0A1EAE7BE19",
				"13304436-920C-4C17-A87D-BD80520F1BF4",
				"B01015A1-B877-4A6F-AE78-B7754411B205",
				"56E8D9C1-DBFB-494A-BFE5-367AD4C28DA2",
				"F1879445-CA14-4772-B1A9-B91C10B62FCA"
			],
			"isa": "PBXGroup",
			"name": "src",
			"path": "../../../addons/ofxGui/src",
			"sourceTree": "SOURCE_ROOT"
		},
		"EA9F7CEE-C89D-46AE-B367-751F5B3F254F": {
			"fileRef": "32FAC173-236D-4DCE-819E-FE224702A8EF",
			"isa": "PBXBuildFile"
		},
		"F1879445-CA14-4772-B1A9-B91C10B62FCA": {
			"explicitFileType": "sourcecode.c.h",
			"fileEncoding": "4",
			"isa": "PBXFileReference",
			"name": "ofxToggle.h",
			"path": "../../../addons/ofxGui/src/ofxToggle.h",
			"sourceTree": "SOURCE_ROOT"
		}
	},
	"openFrameworksProjectGeneratorVersion": "33",
	"rootObject": "E4B69B4C0A3A1720003C02F2"
}